
Microsoft Visual Studio Solution File, Format Version 12.00
# Visual Studio Version 17
VisualStudioVersion = 17.9.34902.65
MinimumVisualStudioVersion = 10.0.40219.1
Project("{FAE04EC0-301F-11D3-BF4B-00C04F79EFBC}") = "Clients", "Clients\Clients.csproj", "{0D49A158-D2F6-4716-96A0-DE68476EA88D}"
EndProject
Global
	GlobalSection(SolutionConfigurationPlatforms) = preSolution
		Debug|Any CPU = Debug|Any CPU
		Release|Any CPU = Release|Any CPU
	EndGlobalSection
	GlobalSection(ProjectConfigurationPlatforms) = postSolution
		{0D49A158-D2F6-4716-96A0-DE68476EA88D}.Debug|Any CPU.ActiveCfg = Debug|Any CPU
		{0D49A158-D2F6-4716-96A0-DE68476EA88D}.Debug|Any CPU.Build.0 = Debug|Any CPU
		{0D49A158-D2F6-4716-96A0-DE68476EA88D}.Release|Any CPU.ActiveCfg = Release|Any CPU
		{0D49A158-D2F6-4716-96A0-DE68476EA88D}.Release|Any CPU.Build.0 = Release|Any CPU
	EndGlobalSection
	GlobalSection(SolutionProperties) = preSolution
		HideSolutionNode = FALSE
	EndGlobalSection
	GlobalSection(ExtensibilityGlobals) = postSolution
		SolutionGuid = {E5B2A98E-6935-43D6-9BD9-1633437B646E}
	EndGlobalSection
EndGlobal
